
Microsoft Visual Studio Solution File, Format Version 12.00
# Visual Studio 15
VisualStudioVersion = 15.0.27004.2008
MinimumVisualStudioVersion = 10.0.40219.1
Project("{FAE04EC0-301F-11D3-BF4B-00C04F79EFBC}") = "Lab1_CRUD", "Lab1_CRUD\Lab1_CRUD.csproj", "{626B5656-E20B-4040-8233-1170BB322478}"
EndProject
Global
	GlobalSection(SolutionConfigurationPlatforms) = preSolution
		Debug|Any CPU = Debug|Any CPU
		Release|Any CPU = Release|Any CPU
	EndGlobalSection
	GlobalSection(ProjectConfigurationPlatforms) = postSolution
		{626B5656-E20B-4040-8233-1170BB322478}.Debug|Any CPU.ActiveCfg = Debug|Any CPU
		{626B5656-E20B-4040-8233-1170BB322478}.Debug|Any CPU.Build.0 = Debug|Any CPU
		{626B5656-E20B-4040-8233-1170BB322478}.Release|Any CPU.ActiveCfg = Release|Any CPU
		{626B5656-E20B-4040-8233-1170BB322478}.Release|Any CPU.Build.0 = Release|Any CPU
	EndGlobalSection
	GlobalSection(SolutionProperties) = preSolution
		HideSolutionNode = FALSE
	EndGlobalSection
	GlobalSection(ExtensibilityGlobals) = postSolution
		SolutionGuid = {325ACF24-7ABE-4FBC-B0CF-FA609C392E41}
	EndGlobalSection
EndGlobal
